
Microsoft Visual Studio Solution File, Format Version 12.00
# Visual Studio Version 17
VisualStudioVersion = 17.1.32407.343
MinimumVisualStudioVersion = 10.0.40219.1
Project("{FAE04EC0-301F-11D3-BF4B-00C04F79EFBC}") = "GroupBoxNuevo", "GroupBoxNuevo\GroupBoxNuevo.csproj", "{07634886-1598-44B3-86B4-B6AEC696A229}"
EndProject
Global
	GlobalSection(SolutionConfigurationPlatforms) = preSolution
		Debug|Any CPU = Debug|Any CPU
		Release|Any CPU = Release|Any CPU
	EndGlobalSection
	GlobalSection(ProjectConfigurationPlatforms) = postSolution
		{07634886-1598-44B3-86B4-B6AEC696A229}.Debug|Any CPU.ActiveCfg = Debug|Any CPU
		{07634886-1598-44B3-86B4-B6AEC696A229}.Debug|Any CPU.Build.0 = Debug|Any CPU
		{07634886-1598-44B3-86B4-B6AEC696A229}.Release|Any CPU.ActiveCfg = Release|Any CPU
		{07634886-1598-44B3-86B4-B6AEC696A229}.Release|Any CPU.Build.0 = Release|Any CPU
	EndGlobalSection
	GlobalSection(SolutionProperties) = preSolution
		HideSolutionNode = FALSE
	EndGlobalSection
	GlobalSection(ExtensibilityGlobals) = postSolution
		SolutionGuid = {8EAEB296-0D7B-4AA8-88AE-579AE9C1CFB1}
	EndGlobalSection
EndGlobal
